{
  "originHash" : "6eb4a6a7a550a6c1fdab3bff6e97b8123e5715a2bae8f3b883f822c62ae63a6b",
  "pins" : [
    {
      "identity" : "easyx",
      "kind" : "remoteSourceControl",
      "location" : "https://github.com/shawon1fb/EasyX.git",
      "state" : {
        "revision" : "733ec74e996b5bf7238681c7077b2bfaec99105b",
        "version" : "1.0.4"
      }
    },
    {
      "identity" : "easyxconnect",
      "kind" : "remoteSourceControl",
      "location" : "https://github.com/shawon1fb/EasyXConnect.git",
      "state" : {
        "revision" : "2d9a6a310fd381889ec59dfb92c78f02f4888b51",
        "version" : "2.2.2"
      }
    },
    {
      "identity" : "lottie-spm",
      "kind" : "remoteSourceControl",
      "location" : "https://github.com/airbnb/lottie-spm.git",
      "state" : {
        "revision" : "8c6edf4f0fa84fe9c058600a4295eb0c01661c69",
        "version" : "4.5.1"
      }
    },
    {
      "identity" : "sdwebimage",
      "kind" : "remoteSourceControl",
      "location" : "https://github.com/SDWebImage/SDWebImage.git",
      "state" : {
        "revision" : "cac9a55a3ae92478a2c95042dcc8d9695d2129ca",
        "version" : "5.21.0"
      }
    },
    {
      "identity" : "sdwebimageswiftui",
      "kind" : "remoteSourceControl",
      "location" : "https://github.com/SDWebImage/SDWebImageSwiftUI.git",
      "state" : {
        "revision" : "451c6dfd5ecec2cf626d1d9ca81c2d4a60355172",
        "version" : "3.1.3"
      }
    },
    {
      "identity" : "suirouter",
      "kind" : "remoteSourceControl",
      "location" : "https://github.com/shawon1fb/SUIRouter.git",
      "state" : {
        "revision" : "caf1b43ab254261fec98a62c625d413f40e77e83",
        "version" : "1.0.0"
      }
    },
    {
      "identity" : "svgview",
      "kind" : "remoteSourceControl",
      "location" : "https://github.com/exyte/SVGView.git",
      "state" : {
        "revision" : "6465962facdd25cb96eaebc35603afa2f15d2c0d",
        "version" : "1.0.6"
      }
    },
    {
      "identity" : "swifterswift",
      "kind" : "remoteSourceControl",
      "location" : "https://github.com/SwifterSwift/SwifterSwift.git",
      "state" : {
        "revision" : "5a6de915bb80234e1e31b3e3e5f7a7995fc1f4db",
        "version" : "7.0.0"
      }
    }
  ],
  "version" : 3
}
