{
  "originHash" : "e2081ef855afbb2e42b0fcc71a85d7cce6be5aed64ca72eb7c55f21fb1bc4b12",
  "pins" : [
    {
      "identity" : "easyx",
      "kind" : "remoteSourceControl",
      "location" : "https://github.com/shawon1fb/EasyX.git",
      "state" : {
        "revision" : "89ee9b985e47c9a0a4bb6317b41a19e0e5472415",
        "version" : "1.0.0"
      }
    },
    {
      "identity" : "easyxconnect",
      "kind" : "remoteSourceControl",
      "location" : "https://github.com/shawon1fb/EasyXConnect.git",
      "state" : {
        "revision" : "2d9a6a310fd381889ec59dfb92c78f02f4888b51",
        "version" : "2.2.2"
      }
    },
    {
      "identity" : "lottie-spm",
      "kind" : "remoteSourceControl",
      "location" : "https://github.com/airbnb/lottie-spm.git",
      "state" : {
        "revision" : "8c6edf4f0fa84fe9c058600a4295eb0c01661c69",
        "version" : "4.5.1"
      }
    },
    {
      "identity" : "sdwebimage",
      "kind" : "remoteSourceControl",
      "location" : "https://github.com/SDWebImage/SDWebImage.git",
      "state" : {
        "revision" : "e7d3256c497af9330a0df866ee38f544ddd87c49",
        "version" : "5.20.1"
      }
    },
    {
      "identity" : "sdwebimageswiftui",
      "kind" : "remoteSourceControl",
      "location" : "https://github.com/SDWebImage/SDWebImageSwiftUI.git",
      "state" : {
        "revision" : "451c6dfd5ecec2cf626d1d9ca81c2d4a60355172",
        "version" : "3.1.3"
      }
    },
    {
      "identity" : "suirouter",
      "kind" : "remoteSourceControl",
      "location" : "https://github.com/shawon1fb/SUIRouter.git",
      "state" : {
        "revision" : "caf1b43ab254261fec98a62c625d413f40e77e83",
        "version" : "1.0.0"
      }
    },
    {
      "identity" : "svgview",
      "kind" : "remoteSourceControl",
      "location" : "https://github.com/exyte/SVGView.git",
      "state" : {
        "revision" : "6465962facdd25cb96eaebc35603afa2f15d2c0d",
        "version" : "1.0.6"
      }
    }
  ],
  "version" : 3
}
